{
  "version": 4,
  "terraform_version": "0.12.6",
  "serial": 370,
  "lineage": "6da54b5b-13c0-b19b-f06c-5084a18308eb",
  "outputs": {},
  "resources": [
    {
      "mode": "data",
      "type": "aws_ami",
      "name": "app_ami",
      "provider": "provider.aws",
      "instances": [
        {
          "schema_version": 0,
          "attributes": {
            "architecture": "x86_64",
            "block_device_mappings": [
              {
                "device_name": "/dev/sda1",
                "ebs": {
                  "delete_on_termination": "true",
                  "encrypted": "false",
                  "iops": "0",
                  "snapshot_id": "snap-01d88887e398f0f64",
                  "volume_size": "8",
                  "volume_type": "gp2"
                },
                "no_device": "",
                "virtual_name": ""
              },
              {
                "device_name": "/dev/sdb",
                "ebs": {},
                "no_device": "",
                "virtual_name": "ephemeral0"
              },
              {
                "device_name": "/dev/sdc",
                "ebs": {},
                "no_device": "",
                "virtual_name": "ephemeral1"
              }
            ],
            "creation_date": "2019-09-03T11:06:26.000Z",
            "description": null,
            "executable_users": null,
            "filter": [
              {
                "name": "name",
                "values": [
                  "ENG3637_APP_jenkins-"
                ]
              }
            ],
            "hypervisor": "xen",
            "id": "ami-0cf4d9e82813fcdb5",
            "image_id": "ami-0cf4d9e82813fcdb5",
            "image_location": "135928476890/ENG3637_APP_jenkins-",
            "image_owner_alias": null,
            "image_type": "machine",
            "kernel_id": null,
            "most_recent": true,
            "name": "ENG3637_APP_jenkins-",
            "name_regex": null,
            "owner_id": "135928476890",
            "owners": [
              "self"
            ],
            "platform": null,
            "product_codes": [],
            "public": false,
            "ramdisk_id": null,
            "root_device_name": "/dev/sda1",
            "root_device_type": "ebs",
            "root_snapshot_id": "snap-01d88887e398f0f64",
            "sriov_net_support": "simple",
            "state": "available",
            "state_reason": {
              "code": "UNSET",
              "message": "UNSET"
            },
            "tags": {},
            "virtualization_type": "hvm"
          }
        }
      ]
    },
    {
      "mode": "data",
      "type": "aws_ami",
      "name": "db_ami",
      "provider": "provider.aws",
      "instances": [
        {
          "schema_version": 0,
          "attributes": {
            "architecture": "x86_64",
            "block_device_mappings": [
              {
                "device_name": "/dev/sda1",
                "ebs": {
                  "delete_on_termination": "true",
                  "encrypted": "false",
                  "iops": "0",
                  "snapshot_id": "snap-0d85375b42f4ab75f",
                  "volume_size": "8",
                  "volume_type": "gp2"
                },
                "no_device": "",
                "virtual_name": ""
              },
              {
                "device_name": "/dev/sdb",
                "ebs": {},
                "no_device": "",
                "virtual_name": "ephemeral0"
              },
              {
                "device_name": "/dev/sdc",
                "ebs": {},
                "no_device": "",
                "virtual_name": "ephemeral1"
              }
            ],
            "creation_date": "2019-09-04T13:44:50.000Z",
            "description": null,
            "executable_users": null,
            "filter": [
              {
                "name": "name",
                "values": [
                  "ENG3637_DB_jenkins-"
                ]
              }
            ],
            "hypervisor": "xen",
            "id": "ami-0d47e3746b03da3aa",
            "image_id": "ami-0d47e3746b03da3aa",
            "image_location": "135928476890/ENG3637_DB_jenkins-",
            "image_owner_alias": null,
            "image_type": "machine",
            "kernel_id": null,
            "most_recent": true,
            "name": "ENG3637_DB_jenkins-",
            "name_regex": null,
            "owner_id": "135928476890",
            "owners": [
              "self"
            ],
            "platform": null,
            "product_codes": [],
            "public": false,
            "ramdisk_id": null,
            "root_device_name": "/dev/sda1",
            "root_device_type": "ebs",
            "root_snapshot_id": "snap-0d85375b42f4ab75f",
            "sriov_net_support": "simple",
            "state": "available",
            "state_reason": {
              "code": "UNSET",
              "message": "UNSET"
            },
            "tags": {},
            "virtualization_type": "hvm"
          }
        }
      ]
    },
    {
      "mode": "data",
      "type": "aws_ami",
      "name": "elk_ami",
      "provider": "provider.aws",
      "instances": [
        {
          "schema_version": 0,
          "attributes": {
            "architecture": "x86_64",
            "block_device_mappings": [
              {
                "device_name": "/dev/sda1",
                "ebs": {
                  "delete_on_termination": "true",
                  "encrypted": "false",
                  "iops": "0",
                  "snapshot_id": "snap-0b5bf9dedf1ccd3b8",
                  "volume_size": "10",
                  "volume_type": "gp2"
                },
                "no_device": "",
                "virtual_name": ""
              }
            ],
            "creation_date": "2019-09-02T13:36:22.000Z",
            "description": "Image to create an ELK server",
            "executable_users": null,
            "filter": [
              {
                "name": "name",
                "values": [
                  "ELKServerImageDevOps3637"
                ]
              }
            ],
            "hypervisor": "xen",
            "id": "ami-021e743779bca02b4",
            "image_id": "ami-021e743779bca02b4",
            "image_location": "135928476890/ELKServerImageDevOps3637",
            "image_owner_alias": null,
            "image_type": "machine",
            "kernel_id": null,
            "most_recent": true,
            "name": "ELKServerImageDevOps3637",
            "name_regex": null,
            "owner_id": "135928476890",
            "owners": [
              "self"
            ],
            "platform": null,
            "product_codes": [],
            "public": false,
            "ramdisk_id": null,
            "root_device_name": "/dev/sda1",
            "root_device_type": "ebs",
            "root_snapshot_id": "snap-0b5bf9dedf1ccd3b8",
            "sriov_net_support": "simple",
            "state": "available",
            "state_reason": {
              "code": "UNSET",
              "message": "UNSET"
            },
            "tags": {},
            "virtualization_type": "hvm"
          }
        }
      ]
    },
    {
      "mode": "data",
      "type": "template_file",
      "name": "app_elk",
      "provider": "provider.template",
      "instances": [
        {
          "schema_version": 0,
          "attributes": {
            "filename": null,
            "id": "f7063966874f47afe9f440372dc3378c3b782494a023da76fb39d47153e09b48",
            "rendered": "#!/bin/bash\r\n\r\nsudo service elasticsearch start\r\nsudo service kibana start\r\nsudo service logstash start\r\n",
            "template": "#!/bin/bash\r\n\r\nsudo service elasticsearch start\r\nsudo service kibana start\r\nsudo service logstash start\r\n",
            "vars": null
          }
        }
      ]
    },
    {
      "mode": "data",
      "type": "template_file",
      "name": "app_init",
      "provider": "provider.template",
      "instances": [
        {
          "schema_version": 0,
          "attributes": {
            "filename": null,
            "id": "c1fc391109e7088e43bd5718f0a63ca4b2256717dad0588ff36b1cf8f182fa2f",
            "rendered": "#!/bin/bash\r\n\r\ncd /home/ubuntu/app\r\n\r\nsudo npm install\r\nnode app.js\r\n",
            "template": "#!/bin/bash\r\n\r\ncd /home/ubuntu/app\r\n\r\nsudo npm install\r\nnode app.js\r\n",
            "vars": null
          }
        }
      ]
    },
    {
      "mode": "data",
      "type": "template_file",
      "name": "db_shell",
      "provider": "provider.template",
      "instances": [
        {
          "schema_version": 0,
          "attributes": {
            "filename": null,
            "id": "81612e632e7371cd81d08c9666c550691f28a999bdcc4bddd0c2e1ef731c8976",
            "rendered": "#!/bin/bash\r\n\r\nmongo\r\necho 'rs.initiate({\r\n      _id: \"rs0\",\r\n      members: [\r\n         { _id: 0, host: \"10.0.15.150\" },\r\n         { _id: 1, host: \"10.0.15.151\" },\r\n         { _id: 2, host: \"10.0.15.152\", arbiterOnly:false }]});' | mongo\r\n",
            "template": "#!/bin/bash\r\n\r\nmongo\r\necho 'rs.initiate({\r\n      _id: \"rs0\",\r\n      members: [\r\n         { _id: 0, host: \"10.0.15.150\" },\r\n         { _id: 1, host: \"10.0.15.151\" },\r\n         { _id: 2, host: \"10.0.15.152\", arbiterOnly:false }]});' | mongo\r\n",
            "vars": null
          }
        }
      ]
    },
    {
      "mode": "managed",
      "type": "aws_instance",
      "name": "apple_instance",
      "provider": "provider.aws",
      "instances": [
        {
          "status": "tainted",
          "schema_version": 1,
          "attributes": {
            "ami": "ami-0cf4d9e82813fcdb5",
            "arn": "arn:aws:ec2:eu-west-1:135928476890:instance/i-0672a27f2fca5a623",
            "associate_public_ip_address": true,
            "availability_zone": "eu-west-1a",
            "cpu_core_count": 1,
            "cpu_threads_per_core": 1,
            "credit_specification": [
              {
                "cpu_credits": "standard"
              }
            ],
            "disable_api_termination": false,
            "ebs_block_device": [],
            "ebs_optimized": false,
            "ephemeral_block_device": [],
            "get_password_data": false,
            "host_id": null,
            "iam_instance_profile": "",
            "id": "i-0672a27f2fca5a623",
            "instance_initiated_shutdown_behavior": null,
            "instance_state": "running",
            "instance_type": "t2.micro",
            "ipv6_address_count": 0,
            "ipv6_addresses": [],
            "key_name": "DevOpsEngineering3637",
            "monitoring": false,
            "network_interface": [],
            "network_interface_id": null,
            "password_data": "",
            "placement_group": "",
            "primary_network_interface_id": "eni-059faecb625e84ef3",
            "private_dns": "ip-10-0-10-53.eu-west-1.compute.internal",
            "private_ip": "10.0.10.53",
            "public_dns": "ec2-34-244-69-70.eu-west-1.compute.amazonaws.com",
            "public_ip": "34.244.69.70",
            "root_block_device": [
              {
                "delete_on_termination": true,
                "encrypted": false,
                "iops": 100,
                "kms_key_id": "",
                "volume_id": "vol-0d004f301170f80ca",
                "volume_size": 8,
                "volume_type": "gp2"
              }
            ],
            "security_groups": [],
            "source_dest_check": true,
            "subnet_id": "subnet-0c172199faba2d869",
            "tags": {
              "Name": "apple_instance"
            },
            "tenancy": "default",
            "timeouts": null,
            "user_data": "b5c109ad8131d1601a85a44253cfa30de8e8bc26",
            "user_data_base64": null,
            "volume_tags": {},
            "vpc_security_group_ids": [
              "sg-07142882070082df4"
            ]
          },
          "private": "eyJlMmJmYjczMC1lY2FhLTExZTYtOGY4OC0zNDM2M2JjN2M0YzAiOnsiY3JlYXRlIjo2MDAwMDAwMDAwMDAsImRlbGV0ZSI6MTIwMDAwMDAwMDAwMCwidXBkYXRlIjo2MDAwMDAwMDAwMDB9LCJzY2hlbWFfdmVyc2lvbiI6IjEifQ==",
          "depends_on": [
            "aws_instance.elk_instance",
            "aws_security_group.app_security_group",
            "aws_subnet.public-subnet-alpha",
            "data.aws_ami.app_ami",
            "data.template_file.app_init"
          ]
        }
      ]
    },
    {
      "mode": "managed",
      "type": "aws_instance",
      "name": "banana_instance",
      "provider": "provider.aws",
      "instances": [
        {
          "schema_version": 1,
          "attributes": {
            "ami": "ami-0cf4d9e82813fcdb5",
            "arn": "arn:aws:ec2:eu-west-1:135928476890:instance/i-0d4daa2af2af5b2d9",
            "associate_public_ip_address": true,
            "availability_zone": "eu-west-1b",
            "cpu_core_count": 1,
            "cpu_threads_per_core": 1,
            "credit_specification": [
              {
                "cpu_credits": "standard"
              }
            ],
            "disable_api_termination": false,
            "ebs_block_device": [],
            "ebs_optimized": false,
            "ephemeral_block_device": [],
            "get_password_data": false,
            "host_id": null,
            "iam_instance_profile": "",
            "id": "i-0d4daa2af2af5b2d9",
            "instance_initiated_shutdown_behavior": null,
            "instance_state": "running",
            "instance_type": "t2.micro",
            "ipv6_address_count": 0,
            "ipv6_addresses": [],
            "key_name": "DevOpsEngineering3637",
            "monitoring": false,
            "network_interface": [],
            "network_interface_id": null,
            "password_data": "",
            "placement_group": "",
            "primary_network_interface_id": "eni-050d34ca5904901d3",
            "private_dns": "ip-10-0-11-83.eu-west-1.compute.internal",
            "private_ip": "10.0.11.83",
            "public_dns": "ec2-34-254-94-7.eu-west-1.compute.amazonaws.com",
            "public_ip": "34.254.94.7",
            "root_block_device": [
              {
                "delete_on_termination": true,
                "encrypted": false,
                "iops": 100,
                "kms_key_id": "",
                "volume_id": "vol-073b9e9b8ad0586c1",
                "volume_size": 8,
                "volume_type": "gp2"
              }
            ],
            "security_groups": [],
            "source_dest_check": true,
            "subnet_id": "subnet-074bb164df721c8ae",
            "tags": {
              "Name": "banana_instance"
            },
            "tenancy": "default",
            "timeouts": null,
            "user_data": "b5c109ad8131d1601a85a44253cfa30de8e8bc26",
            "user_data_base64": null,
            "volume_tags": {},
            "vpc_security_group_ids": [
              "sg-07142882070082df4"
            ]
          },
          "private": "eyJlMmJmYjczMC1lY2FhLTExZTYtOGY4OC0zNDM2M2JjN2M0YzAiOnsiY3JlYXRlIjo2MDAwMDAwMDAwMDAsImRlbGV0ZSI6MTIwMDAwMDAwMDAwMCwidXBkYXRlIjo2MDAwMDAwMDAwMDB9LCJzY2hlbWFfdmVyc2lvbiI6IjEifQ==",
          "depends_on": [
            "aws_security_group.app_security_group",
            "aws_subnet.public-subnet-beta",
            "data.aws_ami.app_ami",
            "data.template_file.app_init"
          ]
        }
      ]
    },
    {
      "mode": "managed",
      "type": "aws_instance",
      "name": "db2_instance",
      "provider": "provider.aws",
      "instances": [
        {
          "schema_version": 1,
          "attributes": {
            "ami": "ami-0d47e3746b03da3aa",
            "arn": "arn:aws:ec2:eu-west-1:135928476890:instance/i-04b6fa0748eaaf34c",
            "associate_public_ip_address": true,
            "availability_zone": "eu-west-1b",
            "cpu_core_count": 1,
            "cpu_threads_per_core": 1,
            "credit_specification": [
              {
                "cpu_credits": "standard"
              }
            ],
            "disable_api_termination": false,
            "ebs_block_device": [],
            "ebs_optimized": false,
            "ephemeral_block_device": [],
            "get_password_data": false,
            "host_id": null,
            "iam_instance_profile": "",
            "id": "i-04b6fa0748eaaf34c",
            "instance_initiated_shutdown_behavior": null,
            "instance_state": "running",
            "instance_type": "t2.micro",
            "ipv6_address_count": 0,
            "ipv6_addresses": [],
            "key_name": "DevOpsEngineering3637",
            "monitoring": false,
            "network_interface": [],
            "network_interface_id": null,
            "password_data": "",
            "placement_group": "",
            "primary_network_interface_id": "eni-0fbfb692f8f78b513",
            "private_dns": "ip-10-0-15-151.eu-west-1.compute.internal",
            "private_ip": "10.0.15.151",
            "public_dns": "ec2-63-34-171-100.eu-west-1.compute.amazonaws.com",
            "public_ip": "63.34.171.100",
            "root_block_device": [
              {
                "delete_on_termination": true,
                "encrypted": false,
                "iops": 100,
                "kms_key_id": "",
                "volume_id": "vol-0ccf40c71e8c89015",
                "volume_size": 8,
                "volume_type": "gp2"
              }
            ],
            "security_groups": [],
            "source_dest_check": true,
            "subnet_id": "subnet-03eae5361b9a97118",
            "tags": {
              "Name": "mongo-db2"
            },
            "tenancy": "default",
            "timeouts": null,
            "user_data": null,
            "user_data_base64": null,
            "volume_tags": {},
            "vpc_security_group_ids": [
              "sg-099a012d10ba56ea5"
            ]
          },
          "private": "eyJlMmJmYjczMC1lY2FhLTExZTYtOGY4OC0zNDM2M2JjN2M0YzAiOnsiY3JlYXRlIjo2MDAwMDAwMDAwMDAsImRlbGV0ZSI6MTIwMDAwMDAwMDAwMCwidXBkYXRlIjo2MDAwMDAwMDAwMDB9LCJzY2hlbWFfdmVyc2lvbiI6IjEifQ==",
          "depends_on": [
            "aws_security_group.db-security-group",
            "aws_subnet.private-subnet-db",
            "data.aws_ami.db_ami"
          ]
        }
      ]
    },
    {
      "mode": "managed",
      "type": "aws_instance",
      "name": "db3_instance",
      "provider": "provider.aws",
      "instances": [
        {
          "schema_version": 1,
          "attributes": {
            "ami": "ami-0d47e3746b03da3aa",
            "arn": "arn:aws:ec2:eu-west-1:135928476890:instance/i-09a506e3efadfd3bb",
            "associate_public_ip_address": true,
            "availability_zone": "eu-west-1b",
            "cpu_core_count": 1,
            "cpu_threads_per_core": 1,
            "credit_specification": [
              {
                "cpu_credits": "standard"
              }
            ],
            "disable_api_termination": false,
            "ebs_block_device": [],
            "ebs_optimized": false,
            "ephemeral_block_device": [],
            "get_password_data": false,
            "host_id": null,
            "iam_instance_profile": "",
            "id": "i-09a506e3efadfd3bb",
            "instance_initiated_shutdown_behavior": null,
            "instance_state": "running",
            "instance_type": "t2.micro",
            "ipv6_address_count": 0,
            "ipv6_addresses": [],
            "key_name": "DevOpsEngineering3637",
            "monitoring": false,
            "network_interface": [],
            "network_interface_id": null,
            "password_data": "",
            "placement_group": "",
            "primary_network_interface_id": "eni-04651ddd86eb730c3",
            "private_dns": "ip-10-0-15-152.eu-west-1.compute.internal",
            "private_ip": "10.0.15.152",
            "public_dns": "ec2-63-33-211-210.eu-west-1.compute.amazonaws.com",
            "public_ip": "63.33.211.210",
            "root_block_device": [
              {
                "delete_on_termination": true,
                "encrypted": false,
                "iops": 100,
                "kms_key_id": "",
                "volume_id": "vol-0d528f4b1109ea728",
                "volume_size": 8,
                "volume_type": "gp2"
              }
            ],
            "security_groups": [],
            "source_dest_check": true,
            "subnet_id": "subnet-03eae5361b9a97118",
            "tags": {
              "Name": "mongo-db3"
            },
            "tenancy": "default",
            "timeouts": null,
            "user_data": null,
            "user_data_base64": null,
            "volume_tags": {},
            "vpc_security_group_ids": [
              "sg-099a012d10ba56ea5"
            ]
          },
          "private": "eyJlMmJmYjczMC1lY2FhLTExZTYtOGY4OC0zNDM2M2JjN2M0YzAiOnsiY3JlYXRlIjo2MDAwMDAwMDAwMDAsImRlbGV0ZSI6MTIwMDAwMDAwMDAwMCwidXBkYXRlIjo2MDAwMDAwMDAwMDB9LCJzY2hlbWFfdmVyc2lvbiI6IjEifQ==",
          "depends_on": [
            "aws_security_group.db-security-group",
            "aws_subnet.private-subnet-db",
            "data.aws_ami.db_ami"
          ]
        }
      ]
    },
    {
      "mode": "managed",
      "type": "aws_instance",
      "name": "db_instance1",
      "provider": "provider.aws",
      "instances": [
        {
          "schema_version": 1,
          "attributes": {
            "ami": "ami-0d47e3746b03da3aa",
            "arn": "arn:aws:ec2:eu-west-1:135928476890:instance/i-07c5f887e2909b735",
            "associate_public_ip_address": true,
            "availability_zone": "eu-west-1b",
            "cpu_core_count": 1,
            "cpu_threads_per_core": 1,
            "credit_specification": [
              {
                "cpu_credits": "standard"
              }
            ],
            "disable_api_termination": false,
            "ebs_block_device": [],
            "ebs_optimized": false,
            "ephemeral_block_device": [],
            "get_password_data": false,
            "host_id": null,
            "iam_instance_profile": "",
            "id": "i-07c5f887e2909b735",
            "instance_initiated_shutdown_behavior": null,
            "instance_state": "running",
            "instance_type": "t2.micro",
            "ipv6_address_count": 0,
            "ipv6_addresses": [],
            "key_name": "DevOpsEngineering3637",
            "monitoring": false,
            "network_interface": [],
            "network_interface_id": null,
            "password_data": "",
            "placement_group": "",
            "primary_network_interface_id": "eni-0194fe59cc571e110",
            "private_dns": "ip-10-0-15-150.eu-west-1.compute.internal",
            "private_ip": "10.0.15.150",
            "public_dns": "ec2-52-49-91-171.eu-west-1.compute.amazonaws.com",
            "public_ip": "52.49.91.171",
            "root_block_device": [
              {
                "delete_on_termination": true,
                "encrypted": false,
                "iops": 100,
                "kms_key_id": "",
                "volume_id": "vol-0a059eedc4a64c9ef",
                "volume_size": 8,
                "volume_type": "gp2"
              }
            ],
            "security_groups": [],
            "source_dest_check": true,
            "subnet_id": "subnet-03eae5361b9a97118",
            "tags": {
              "Name": "mongo-db1"
            },
            "tenancy": "default",
            "timeouts": null,
            "user_data": "cb3d41a30a5d92b3cb322feb4af5a856ab11657f",
            "user_data_base64": null,
            "volume_tags": {},
            "vpc_security_group_ids": [
              "sg-099a012d10ba56ea5"
            ]
          },
          "private": "eyJlMmJmYjczMC1lY2FhLTExZTYtOGY4OC0zNDM2M2JjN2M0YzAiOnsiY3JlYXRlIjo2MDAwMDAwMDAwMDAsImRlbGV0ZSI6MTIwMDAwMDAwMDAwMCwidXBkYXRlIjo2MDAwMDAwMDAwMDB9LCJzY2hlbWFfdmVyc2lvbiI6IjEifQ==",
          "depends_on": [
            "aws_security_group.db-security-group",
            "aws_subnet.private-subnet-db",
            "data.aws_ami.db_ami",
            "data.template_file.db_shell"
          ]
        }
      ]
    },
    {
      "mode": "managed",
      "type": "aws_instance",
      "name": "elk_instance",
      "provider": "provider.aws",
      "instances": [
        {
          "schema_version": 1,
          "attributes": {
            "ami": "ami-021e743779bca02b4",
            "arn": "arn:aws:ec2:eu-west-1:135928476890:instance/i-0f9e9500f9cd00042",
            "associate_public_ip_address": true,
            "availability_zone": "eu-west-1c",
            "cpu_core_count": 1,
            "cpu_threads_per_core": 1,
            "credit_specification": [
              {
                "cpu_credits": "standard"
              }
            ],
            "disable_api_termination": false,
            "ebs_block_device": [],
            "ebs_optimized": false,
            "ephemeral_block_device": [],
            "get_password_data": false,
            "host_id": null,
            "iam_instance_profile": "",
            "id": "i-0f9e9500f9cd00042",
            "instance_initiated_shutdown_behavior": null,
            "instance_state": "running",
            "instance_type": "t2.micro",
            "ipv6_address_count": 0,
            "ipv6_addresses": [],
            "key_name": "DevOpsEngineering3637",
            "monitoring": false,
            "network_interface": [],
            "network_interface_id": null,
            "password_data": "",
            "placement_group": "",
            "primary_network_interface_id": "eni-03448e69adcdec5b0",
            "private_dns": "ip-10-0-14-56.eu-west-1.compute.internal",
            "private_ip": "10.0.14.56",
            "public_dns": "ec2-52-210-173-167.eu-west-1.compute.amazonaws.com",
            "public_ip": "52.210.173.167",
            "root_block_device": [
              {
                "delete_on_termination": true,
                "encrypted": false,
                "iops": 100,
                "kms_key_id": "",
                "volume_id": "vol-03f6eca9cb3355913",
                "volume_size": 10,
                "volume_type": "gp2"
              }
            ],
            "security_groups": [],
            "source_dest_check": true,
            "subnet_id": "subnet-0b391bc401fc7f55d",
            "tags": {
              "Name": "elk-TeamELK"
            },
            "tenancy": "default",
            "timeouts": null,
            "user_data": "de3732cbf801ec81d5f5fa93f80bd1260f31d735",
            "user_data_base64": null,
            "volume_tags": {},
            "vpc_security_group_ids": [
              "sg-03fb00341713f8947"
            ]
          },
          "private": "eyJlMmJmYjczMC1lY2FhLTExZTYtOGY4OC0zNDM2M2JjN2M0YzAiOnsiY3JlYXRlIjo2MDAwMDAwMDAwMDAsImRlbGV0ZSI6MTIwMDAwMDAwMDAwMCwidXBkYXRlIjo2MDAwMDAwMDAwMDB9LCJzY2hlbWFfdmVyc2lvbiI6IjEifQ==",
          "depends_on": [
            "aws_security_group.elk_security_group",
            "aws_subnet.public-subnet-elk",
            "data.aws_ami.elk_ami",
            "data.template_file.app_elk"
          ]
        }
      ]
    },
    {
      "mode": "managed",
      "type": "aws_instance",
      "name": "grapes_instance",
      "provider": "provider.aws",
      "instances": [
        {
          "schema_version": 1,
          "attributes": {
            "ami": "ami-0cf4d9e82813fcdb5",
            "arn": "arn:aws:ec2:eu-west-1:135928476890:instance/i-0de6bf21403cee226",
            "associate_public_ip_address": true,
            "availability_zone": "eu-west-1c",
            "cpu_core_count": 1,
            "cpu_threads_per_core": 1,
            "credit_specification": [
              {
                "cpu_credits": "standard"
              }
            ],
            "disable_api_termination": false,
            "ebs_block_device": [],
            "ebs_optimized": false,
            "ephemeral_block_device": [],
            "get_password_data": false,
            "host_id": null,
            "iam_instance_profile": "",
            "id": "i-0de6bf21403cee226",
            "instance_initiated_shutdown_behavior": null,
            "instance_state": "running",
            "instance_type": "t2.micro",
            "ipv6_address_count": 0,
            "ipv6_addresses": [],
            "key_name": "DevOpsEngineering3637",
            "monitoring": false,
            "network_interface": [],
            "network_interface_id": null,
            "password_data": "",
            "placement_group": "",
            "primary_network_interface_id": "eni-00c1a8422ff10b289",
            "private_dns": "ip-10-0-12-246.eu-west-1.compute.internal",
            "private_ip": "10.0.12.246",
            "public_dns": "ec2-34-240-99-243.eu-west-1.compute.amazonaws.com",
            "public_ip": "34.240.99.243",
            "root_block_device": [
              {
                "delete_on_termination": true,
                "encrypted": false,
                "iops": 100,
                "kms_key_id": "",
                "volume_id": "vol-084eb74686057af0c",
                "volume_size": 8,
                "volume_type": "gp2"
              }
            ],
            "security_groups": [],
            "source_dest_check": true,
            "subnet_id": "subnet-0ed765f42b44147d6",
            "tags": {
              "Name": "grapes_instance"
            },
            "tenancy": "default",
            "timeouts": null,
            "user_data": "b5c109ad8131d1601a85a44253cfa30de8e8bc26",
            "user_data_base64": null,
            "volume_tags": {},
            "vpc_security_group_ids": [
              "sg-07142882070082df4"
            ]
          },
          "private": "eyJlMmJmYjczMC1lY2FhLTExZTYtOGY4OC0zNDM2M2JjN2M0YzAiOnsiY3JlYXRlIjo2MDAwMDAwMDAwMDAsImRlbGV0ZSI6MTIwMDAwMDAwMDAwMCwidXBkYXRlIjo2MDAwMDAwMDAwMDB9LCJzY2hlbWFfdmVyc2lvbiI6IjEifQ==",
          "depends_on": [
            "aws_security_group.app_security_group",
            "aws_subnet.public-subnet-gamma",
            "data.aws_ami.app_ami",
            "data.template_file.app_init"
          ]
        }
      ]
    },
    {
      "mode": "managed",
      "type": "aws_internet_gateway",
      "name": "internet_access",
      "provider": "provider.aws",
      "instances": [
        {
          "schema_version": 0,
          "attributes": {
            "id": "igw-0a9e701e6fdf120fa",
            "owner_id": "135928476890",
            "tags": {
              "Name": "internet_gateway_eng3637"
            },
            "vpc_id": "vpc-0b0a977ba42b5ed40"
          },
          "private": "bnVsbA==",
          "depends_on": [
            "aws_vpc.ENG3637_FP"
          ]
        }
      ]
    },
    {
      "mode": "managed",
      "type": "aws_network_acl",
      "name": "acl_private_sub",
      "provider": "provider.aws",
      "instances": [
        {
          "schema_version": 0,
          "attributes": {
            "egress": [
              {
                "action": "allow",
                "cidr_block": "0.0.0.0/0",
                "from_port": 0,
                "icmp_code": null,
                "icmp_type": null,
                "ipv6_cidr_block": "",
                "protocol": "-1",
                "rule_no": 102,
                "to_port": 0
              }
            ],
            "id": "acl-0190d48d3bfecc894",
            "ingress": [
              {
                "action": "allow",
                "cidr_block": "0.0.0.0/0",
                "from_port": 0,
                "icmp_code": null,
                "icmp_type": null,
                "ipv6_cidr_block": "",
                "protocol": "-1",
                "rule_no": 101,
                "to_port": 0
              }
            ],
            "owner_id": "135928476890",
            "subnet_id": null,
            "subnet_ids": [
              "subnet-03eae5361b9a97118"
            ],
            "tags": {
              "Name": "acl_private_sub"
            },
            "vpc_id": "vpc-0b0a977ba42b5ed40"
          },
          "private": "bnVsbA==",
          "depends_on": [
            "aws_subnet.private-subnet-db",
            "aws_vpc.ENG3637_FP"
          ]
        }
      ]
    },
    {
      "mode": "managed",
      "type": "aws_network_acl",
      "name": "acl_public_elk",
      "provider": "provider.aws",
      "instances": [
        {
          "schema_version": 0,
          "attributes": {
            "egress": [
              {
                "action": "allow",
                "cidr_block": "0.0.0.0/0",
                "from_port": 0,
                "icmp_code": null,
                "icmp_type": null,
                "ipv6_cidr_block": "",
                "protocol": "-1",
                "rule_no": 102,
                "to_port": 0
              }
            ],
            "id": "acl-0759770d58c3fc01b",
            "ingress": [
              {
                "action": "allow",
                "cidr_block": "0.0.0.0/0",
                "from_port": 0,
                "icmp_code": null,
                "icmp_type": null,
                "ipv6_cidr_block": "",
                "protocol": "-1",
                "rule_no": 101,
                "to_port": 0
              }
            ],
            "owner_id": "135928476890",
            "subnet_id": null,
            "subnet_ids": [
              "subnet-0b391bc401fc7f55d"
            ],
            "tags": {
              "Name": "acl_public_elk"
            },
            "vpc_id": "vpc-0b0a977ba42b5ed40"
          },
          "private": "bnVsbA==",
          "depends_on": [
            "aws_subnet.public-subnet-elk",
            "aws_vpc.ENG3637_FP"
          ]
        }
      ]
    },
    {
      "mode": "managed",
      "type": "aws_network_acl",
      "name": "acl_public_sub",
      "provider": "provider.aws",
      "instances": [
        {
          "schema_version": 0,
          "attributes": {
            "egress": [
              {
                "action": "allow",
                "cidr_block": "0.0.0.0/0",
                "from_port": 0,
                "icmp_code": null,
                "icmp_type": null,
                "ipv6_cidr_block": "",
                "protocol": "-1",
                "rule_no": 102,
                "to_port": 0
              }
            ],
            "id": "acl-08ab565b44435864a",
            "ingress": [
              {
                "action": "allow",
                "cidr_block": "0.0.0.0/0",
                "from_port": 0,
                "icmp_code": null,
                "icmp_type": null,
                "ipv6_cidr_block": "",
                "protocol": "-1",
                "rule_no": 101,
                "to_port": 0
              }
            ],
            "owner_id": "135928476890",
            "subnet_id": null,
            "subnet_ids": [
              "subnet-074bb164df721c8ae",
              "subnet-0c172199faba2d869",
              "subnet-0ed765f42b44147d6"
            ],
            "tags": {
              "Name": "acl_public_sub"
            },
            "vpc_id": "vpc-0b0a977ba42b5ed40"
          },
          "private": "bnVsbA==",
          "depends_on": [
            "aws_subnet.public-subnet-alpha",
            "aws_subnet.public-subnet-beta",
            "aws_subnet.public-subnet-gamma",
            "aws_vpc.ENG3637_FP"
          ]
        }
      ]
    },
    {
      "mode": "managed",
      "type": "aws_route_table",
      "name": "route_table",
      "provider": "provider.aws",
      "instances": [
        {
          "schema_version": 0,
          "attributes": {
            "id": "rtb-000ae636372deb839",
            "owner_id": "135928476890",
            "propagating_vgws": [],
            "route": [
              {
                "cidr_block": "0.0.0.0/0",
                "egress_only_gateway_id": "",
                "gateway_id": "igw-0a9e701e6fdf120fa",
                "instance_id": "",
                "ipv6_cidr_block": "",
                "nat_gateway_id": "",
                "network_interface_id": "",
                "transit_gateway_id": "",
                "vpc_peering_connection_id": ""
              }
            ],
            "tags": {
              "Name": "route_tb_eng3637"
            },
            "vpc_id": "vpc-0b0a977ba42b5ed40"
          },
          "private": "bnVsbA==",
          "depends_on": [
            "aws_internet_gateway.internet_access",
            "aws_vpc.ENG3637_FP"
          ]
        }
      ]
    },
    {
      "mode": "managed",
      "type": "aws_route_table_association",
      "name": "associate_route_table_alpha",
      "provider": "provider.aws",
      "instances": [
        {
          "schema_version": 0,
          "attributes": {
            "id": "rtbassoc-00a46746fce556335",
            "route_table_id": "rtb-000ae636372deb839",
            "subnet_id": "subnet-0c172199faba2d869"
          },
          "private": "bnVsbA==",
          "depends_on": [
            "aws_route_table.route_table",
            "aws_subnet.public-subnet-alpha"
          ]
        }
      ]
    },
    {
      "mode": "managed",
      "type": "aws_route_table_association",
      "name": "associate_route_table_beta",
      "provider": "provider.aws",
      "instances": [
        {
          "schema_version": 0,
          "attributes": {
            "id": "rtbassoc-0e5cbbe553107daed",
            "route_table_id": "rtb-000ae636372deb839",
            "subnet_id": "subnet-074bb164df721c8ae"
          },
          "private": "bnVsbA==",
          "depends_on": [
            "aws_route_table.route_table",
            "aws_subnet.public-subnet-beta"
          ]
        }
      ]
    },
    {
      "mode": "managed",
      "type": "aws_route_table_association",
      "name": "associate_route_table_db",
      "provider": "provider.aws",
      "instances": [
        {
          "schema_version": 0,
          "attributes": {
            "id": "rtbassoc-09706cd189f5b684f",
            "route_table_id": "rtb-000ae636372deb839",
            "subnet_id": "subnet-03eae5361b9a97118"
          },
          "private": "bnVsbA==",
          "depends_on": [
            "aws_route_table.route_table",
            "aws_subnet.private-subnet-db"
          ]
        }
      ]
    },
    {
      "mode": "managed",
      "type": "aws_route_table_association",
      "name": "associate_route_table_elk",
      "provider": "provider.aws",
      "instances": [
        {
          "schema_version": 0,
          "attributes": {
            "id": "rtbassoc-03a1b8fa47c185369",
            "route_table_id": "rtb-000ae636372deb839",
            "subnet_id": "subnet-0b391bc401fc7f55d"
          },
          "private": "bnVsbA==",
          "depends_on": [
            "aws_route_table.route_table",
            "aws_subnet.public-subnet-elk"
          ]
        }
      ]
    },
    {
      "mode": "managed",
      "type": "aws_route_table_association",
      "name": "associate_route_table_gamma",
      "provider": "provider.aws",
      "instances": [
        {
          "schema_version": 0,
          "attributes": {
            "id": "rtbassoc-0e2df1dbafc6ca084",
            "route_table_id": "rtb-000ae636372deb839",
            "subnet_id": "subnet-0ed765f42b44147d6"
          },
          "private": "bnVsbA==",
          "depends_on": [
            "aws_route_table.route_table",
            "aws_subnet.public-subnet-gamma"
          ]
        }
      ]
    },
    {
      "mode": "managed",
      "type": "aws_security_group",
      "name": "app_security_group",
      "provider": "provider.aws",
      "instances": [
        {
          "schema_version": 1,
          "attributes": {
            "arn": "arn:aws:ec2:eu-west-1:135928476890:security-group/sg-07142882070082df4",
            "description": "security group for app instances",
            "egress": [
              {
                "cidr_blocks": [
                  "0.0.0.0/0"
                ],
                "description": "",
                "from_port": 1024,
                "ipv6_cidr_blocks": [],
                "prefix_list_ids": [],
                "protocol": "tcp",
                "security_groups": [],
                "self": false,
                "to_port": 65535
              },
              {
                "cidr_blocks": [
                  "0.0.0.0/0"
                ],
                "description": "",
                "from_port": 22,
                "ipv6_cidr_blocks": [],
                "prefix_list_ids": [],
                "protocol": "tcp",
                "security_groups": [],
                "self": false,
                "to_port": 22
              },
              {
                "cidr_blocks": [
                  "0.0.0.0/0"
                ],
                "description": "",
                "from_port": 443,
                "ipv6_cidr_blocks": [],
                "prefix_list_ids": [],
                "protocol": "tcp",
                "security_groups": [],
                "self": false,
                "to_port": 443
              },
              {
                "cidr_blocks": [
                  "0.0.0.0/0"
                ],
                "description": "",
                "from_port": 80,
                "ipv6_cidr_blocks": [],
                "prefix_list_ids": [],
                "protocol": "tcp",
                "security_groups": [],
                "self": false,
                "to_port": 80
              },
              {
                "cidr_blocks": [
                  "10.0.13.0/24"
                ],
                "description": "",
                "from_port": 27017,
                "ipv6_cidr_blocks": [],
                "prefix_list_ids": [],
                "protocol": "tcp",
                "security_groups": [],
                "self": false,
                "to_port": 27017
              }
            ],
            "id": "sg-07142882070082df4",
            "ingress": [
              {
                "cidr_blocks": [
                  "0.0.0.0/0"
                ],
                "description": "",
                "from_port": 22,
                "ipv6_cidr_blocks": [],
                "prefix_list_ids": [],
                "protocol": "tcp",
                "security_groups": [],
                "self": false,
                "to_port": 22
              },
              {
                "cidr_blocks": [
                  "0.0.0.0/0"
                ],
                "description": "",
                "from_port": 443,
                "ipv6_cidr_blocks": [],
                "prefix_list_ids": [],
                "protocol": "tcp",
                "security_groups": [],
                "self": false,
                "to_port": 443
              },
              {
                "cidr_blocks": [
                  "0.0.0.0/0"
                ],
                "description": "",
                "from_port": 80,
                "ipv6_cidr_blocks": [],
                "prefix_list_ids": [],
                "protocol": "tcp",
                "security_groups": [],
                "self": false,
                "to_port": 80
              },
              {
                "cidr_blocks": [
                  "10.0.13.0/24"
                ],
                "description": "",
                "from_port": 1024,
                "ipv6_cidr_blocks": [],
                "prefix_list_ids": [],
                "protocol": "tcp",
                "security_groups": [],
                "self": false,
                "to_port": 65535
              }
            ],
            "name": "public_security_group",
            "name_prefix": null,
            "owner_id": "135928476890",
            "revoke_rules_on_delete": false,
            "tags": {
              "Name": "public security group"
            },
            "timeouts": {
              "create": "5m",
              "delete": null
            },
            "vpc_id": "vpc-0b0a977ba42b5ed40"
          },
          "private": "eyJlMmJmYjczMC1lY2FhLTExZTYtOGY4OC0zNDM2M2JjN2M0YzAiOnsiY3JlYXRlIjozMDAwMDAwMDAwMDAsImRlbGV0ZSI6NjAwMDAwMDAwMDAwfSwic2NoZW1hX3ZlcnNpb24iOiIxIn0=",
          "depends_on": [
            "aws_vpc.ENG3637_FP"
          ]
        }
      ]
    },
    {
      "mode": "managed",
      "type": "aws_security_group",
      "name": "db-security-group",
      "provider": "provider.aws",
      "instances": [
        {
          "schema_version": 1,
          "attributes": {
            "arn": "arn:aws:ec2:eu-west-1:135928476890:security-group/sg-099a012d10ba56ea5",
            "description": "security group for the db",
            "egress": [
              {
                "cidr_blocks": [
                  "0.0.0.0/0"
                ],
                "description": "",
                "from_port": 0,
                "ipv6_cidr_blocks": [],
                "prefix_list_ids": [],
                "protocol": "-1",
                "security_groups": [],
                "self": false,
                "to_port": 0
              }
            ],
            "id": "sg-099a012d10ba56ea5",
            "ingress": [
              {
                "cidr_blocks": [
                  "0.0.0.0/0"
                ],
                "description": "",
                "from_port": 0,
                "ipv6_cidr_blocks": [],
                "prefix_list_ids": [],
                "protocol": "-1",
                "security_groups": [],
                "self": false,
                "to_port": 0
              }
            ],
            "name": "db-security-group",
            "name_prefix": null,
            "owner_id": "135928476890",
            "revoke_rules_on_delete": false,
            "tags": {
              "Name": "db_security_groups"
            },
            "timeouts": null,
            "vpc_id": "vpc-0b0a977ba42b5ed40"
          },
          "private": "eyJlMmJmYjczMC1lY2FhLTExZTYtOGY4OC0zNDM2M2JjN2M0YzAiOnsiY3JlYXRlIjo2MDAwMDAwMDAwMDAsImRlbGV0ZSI6NjAwMDAwMDAwMDAwfSwic2NoZW1hX3ZlcnNpb24iOiIxIn0=",
          "depends_on": [
            "aws_vpc.ENG3637_FP"
          ]
        }
      ]
    },
    {
      "mode": "managed",
      "type": "aws_security_group",
      "name": "elk_security_group",
      "provider": "provider.aws",
      "instances": [
        {
          "schema_version": 1,
          "attributes": {
            "arn": "arn:aws:ec2:eu-west-1:135928476890:security-group/sg-03fb00341713f8947",
            "description": "security group for ELK",
            "egress": [
              {
                "cidr_blocks": [
                  "0.0.0.0/0"
                ],
                "description": "",
                "from_port": 1024,
                "ipv6_cidr_blocks": [],
                "prefix_list_ids": [],
                "protocol": "tcp",
                "security_groups": [],
                "self": false,
                "to_port": 65535
              },
              {
                "cidr_blocks": [
                  "0.0.0.0/0"
                ],
                "description": "",
                "from_port": 22,
                "ipv6_cidr_blocks": [],
                "prefix_list_ids": [],
                "protocol": "tcp",
                "security_groups": [],
                "self": false,
                "to_port": 22
              },
              {
                "cidr_blocks": [
                  "0.0.0.0/0"
                ],
                "description": "",
                "from_port": 443,
                "ipv6_cidr_blocks": [],
                "prefix_list_ids": [],
                "protocol": "tcp",
                "security_groups": [],
                "self": false,
                "to_port": 443
              },
              {
                "cidr_blocks": [
                  "0.0.0.0/0"
                ],
                "description": "",
                "from_port": 80,
                "ipv6_cidr_blocks": [],
                "prefix_list_ids": [],
                "protocol": "tcp",
                "security_groups": [],
                "self": false,
                "to_port": 80
              },
              {
                "cidr_blocks": [
                  "10.0.13.0/24"
                ],
                "description": "",
                "from_port": 27017,
                "ipv6_cidr_blocks": [],
                "prefix_list_ids": [],
                "protocol": "tcp",
                "security_groups": [],
                "self": false,
                "to_port": 27017
              }
            ],
            "id": "sg-03fb00341713f8947",
            "ingress": [
              {
                "cidr_blocks": [
                  "0.0.0.0/0"
                ],
                "description": "",
                "from_port": 22,
                "ipv6_cidr_blocks": [],
                "prefix_list_ids": [],
                "protocol": "tcp",
                "security_groups": [],
                "self": false,
                "to_port": 22
              },
              {
                "cidr_blocks": [
                  "0.0.0.0/0"
                ],
                "description": "",
                "from_port": 443,
                "ipv6_cidr_blocks": [],
                "prefix_list_ids": [],
                "protocol": "tcp",
                "security_groups": [],
                "self": false,
                "to_port": 443
              },
              {
                "cidr_blocks": [
                  "0.0.0.0/0"
                ],
                "description": "",
                "from_port": 80,
                "ipv6_cidr_blocks": [],
                "prefix_list_ids": [],
                "protocol": "tcp",
                "security_groups": [],
                "self": false,
                "to_port": 80
              },
              {
                "cidr_blocks": [
                  "10.0.13.0/24"
                ],
                "description": "",
                "from_port": 1024,
                "ipv6_cidr_blocks": [],
                "prefix_list_ids": [],
                "protocol": "tcp",
                "security_groups": [],
                "self": false,
                "to_port": 65535
              }
            ],
            "name": "elk_security_group",
            "name_prefix": null,
            "owner_id": "135928476890",
            "revoke_rules_on_delete": false,
            "tags": {
              "Name": "elk-security-group"
            },
            "timeouts": {
              "create": "5m",
              "delete": null
            },
            "vpc_id": "vpc-0b0a977ba42b5ed40"
          },
          "private": "eyJlMmJmYjczMC1lY2FhLTExZTYtOGY4OC0zNDM2M2JjN2M0YzAiOnsiY3JlYXRlIjozMDAwMDAwMDAwMDAsImRlbGV0ZSI6NjAwMDAwMDAwMDAwfSwic2NoZW1hX3ZlcnNpb24iOiIxIn0=",
          "depends_on": [
            "aws_vpc.ENG3637_FP"
          ]
        }
      ]
    },
    {
      "mode": "managed",
      "type": "aws_subnet",
      "name": "private-subnet-db",
      "provider": "provider.aws",
      "instances": [
        {
          "schema_version": 1,
          "attributes": {
            "arn": "arn:aws:ec2:eu-west-1:135928476890:subnet/subnet-03eae5361b9a97118",
            "assign_ipv6_address_on_creation": false,
            "availability_zone": "eu-west-1b",
            "availability_zone_id": "euw1-az1",
            "cidr_block": "10.0.15.0/24",
            "id": "subnet-03eae5361b9a97118",
            "ipv6_cidr_block": "",
            "ipv6_cidr_block_association_id": "",
            "map_public_ip_on_launch": false,
            "owner_id": "135928476890",
            "tags": {
              "Name": "db-private-subnet"
            },
            "timeouts": null,
            "vpc_id": "vpc-0b0a977ba42b5ed40"
          },
          "private": "eyJlMmJmYjczMC1lY2FhLTExZTYtOGY4OC0zNDM2M2JjN2M0YzAiOnsiY3JlYXRlIjo2MDAwMDAwMDAwMDAsImRlbGV0ZSI6MTIwMDAwMDAwMDAwMH0sInNjaGVtYV92ZXJzaW9uIjoiMSJ9",
          "depends_on": [
            "aws_vpc.ENG3637_FP"
          ]
        }
      ]
    },
    {
      "mode": "managed",
      "type": "aws_subnet",
      "name": "public-subnet-alpha",
      "provider": "provider.aws",
      "instances": [
        {
          "schema_version": 1,
          "attributes": {
            "arn": "arn:aws:ec2:eu-west-1:135928476890:subnet/subnet-0c172199faba2d869",
            "assign_ipv6_address_on_creation": false,
            "availability_zone": "eu-west-1a",
            "availability_zone_id": "euw1-az3",
            "cidr_block": "10.0.10.0/24",
            "id": "subnet-0c172199faba2d869",
            "ipv6_cidr_block": "",
            "ipv6_cidr_block_association_id": "",
            "map_public_ip_on_launch": false,
            "owner_id": "135928476890",
            "tags": {
              "Name": "public-subnet-alpha"
            },
            "timeouts": null,
            "vpc_id": "vpc-0b0a977ba42b5ed40"
          },
          "private": "eyJlMmJmYjczMC1lY2FhLTExZTYtOGY4OC0zNDM2M2JjN2M0YzAiOnsiY3JlYXRlIjo2MDAwMDAwMDAwMDAsImRlbGV0ZSI6MTIwMDAwMDAwMDAwMH0sInNjaGVtYV92ZXJzaW9uIjoiMSJ9",
          "depends_on": [
            "aws_vpc.ENG3637_FP"
          ]
        }
      ]
    },
    {
      "mode": "managed",
      "type": "aws_subnet",
      "name": "public-subnet-beta",
      "provider": "provider.aws",
      "instances": [
        {
          "schema_version": 1,
          "attributes": {
            "arn": "arn:aws:ec2:eu-west-1:135928476890:subnet/subnet-074bb164df721c8ae",
            "assign_ipv6_address_on_creation": false,
            "availability_zone": "eu-west-1b",
            "availability_zone_id": "euw1-az1",
            "cidr_block": "10.0.11.0/24",
            "id": "subnet-074bb164df721c8ae",
            "ipv6_cidr_block": "",
            "ipv6_cidr_block_association_id": "",
            "map_public_ip_on_launch": false,
            "owner_id": "135928476890",
            "tags": {
              "Name": "public-subnet-beta"
            },
            "timeouts": null,
            "vpc_id": "vpc-0b0a977ba42b5ed40"
          },
          "private": "eyJlMmJmYjczMC1lY2FhLTExZTYtOGY4OC0zNDM2M2JjN2M0YzAiOnsiY3JlYXRlIjo2MDAwMDAwMDAwMDAsImRlbGV0ZSI6MTIwMDAwMDAwMDAwMH0sInNjaGVtYV92ZXJzaW9uIjoiMSJ9",
          "depends_on": [
            "aws_vpc.ENG3637_FP"
          ]
        }
      ]
    },
    {
      "mode": "managed",
      "type": "aws_subnet",
      "name": "public-subnet-elk",
      "provider": "provider.aws",
      "instances": [
        {
          "schema_version": 1,
          "attributes": {
            "arn": "arn:aws:ec2:eu-west-1:135928476890:subnet/subnet-0b391bc401fc7f55d",
            "assign_ipv6_address_on_creation": false,
            "availability_zone": "eu-west-1c",
            "availability_zone_id": "euw1-az2",
            "cidr_block": "10.0.14.0/24",
            "id": "subnet-0b391bc401fc7f55d",
            "ipv6_cidr_block": "",
            "ipv6_cidr_block_association_id": "",
            "map_public_ip_on_launch": false,
            "owner_id": "135928476890",
            "tags": {
              "Name": "elk_public_subnet"
            },
            "timeouts": null,
            "vpc_id": "vpc-0b0a977ba42b5ed40"
          },
          "private": "eyJlMmJmYjczMC1lY2FhLTExZTYtOGY4OC0zNDM2M2JjN2M0YzAiOnsiY3JlYXRlIjo2MDAwMDAwMDAwMDAsImRlbGV0ZSI6MTIwMDAwMDAwMDAwMH0sInNjaGVtYV92ZXJzaW9uIjoiMSJ9",
          "depends_on": [
            "aws_vpc.ENG3637_FP"
          ]
        }
      ]
    },
    {
      "mode": "managed",
      "type": "aws_subnet",
      "name": "public-subnet-gamma",
      "provider": "provider.aws",
      "instances": [
        {
          "schema_version": 1,
          "attributes": {
            "arn": "arn:aws:ec2:eu-west-1:135928476890:subnet/subnet-0ed765f42b44147d6",
            "assign_ipv6_address_on_creation": false,
            "availability_zone": "eu-west-1c",
            "availability_zone_id": "euw1-az2",
            "cidr_block": "10.0.12.0/24",
            "id": "subnet-0ed765f42b44147d6",
            "ipv6_cidr_block": "",
            "ipv6_cidr_block_association_id": "",
            "map_public_ip_on_launch": false,
            "owner_id": "135928476890",
            "tags": {
              "Name": "public-subnet-gamma"
            },
            "timeouts": null,
            "vpc_id": "vpc-0b0a977ba42b5ed40"
          },
          "private": "eyJlMmJmYjczMC1lY2FhLTExZTYtOGY4OC0zNDM2M2JjN2M0YzAiOnsiY3JlYXRlIjo2MDAwMDAwMDAwMDAsImRlbGV0ZSI6MTIwMDAwMDAwMDAwMH0sInNjaGVtYV92ZXJzaW9uIjoiMSJ9",
          "depends_on": [
            "aws_vpc.ENG3637_FP"
          ]
        }
      ]
    },
    {
      "mode": "managed",
      "type": "aws_vpc",
      "name": "ENG3637_FP",
      "provider": "provider.aws",
      "instances": [
        {
          "schema_version": 1,
          "attributes": {
            "arn": "arn:aws:ec2:eu-west-1:135928476890:vpc/vpc-0b0a977ba42b5ed40",
            "assign_generated_ipv6_cidr_block": false,
            "cidr_block": "10.0.0.0/16",
            "default_network_acl_id": "acl-0ce9851ebdb8e926c",
            "default_route_table_id": "rtb-04331e56aed70bc6a",
            "default_security_group_id": "sg-04b8cfba0b393c62f",
            "dhcp_options_id": "dopt-18d5d77d",
            "enable_classiclink": false,
            "enable_classiclink_dns_support": false,
            "enable_dns_hostnames": true,
            "enable_dns_support": true,
            "id": "vpc-0b0a977ba42b5ed40",
            "instance_tenancy": "default",
            "ipv6_association_id": "",
            "ipv6_cidr_block": "",
            "main_route_table_id": "rtb-04331e56aed70bc6a",
            "owner_id": "135928476890",
            "tags": {
              "Name": "ENG3637_FP-vpc"
            }
          },
          "private": "eyJzY2hlbWFfdmVyc2lvbiI6IjEifQ=="
        }
      ]
    }
  ]
}
