{
  "version": 4,
  "terraform_version": "0.12.6",
  "serial": 66,
  "lineage": "6da54b5b-13c0-b19b-f06c-5084a18308eb",
  "outputs": {},
  "resources": [
    {
      "mode": "data",
      "type": "template_file",
      "name": "app_init",
      "provider": "provider.template",
      "instances": [
        {
          "schema_version": 0,
          "attributes": {
            "filename": null,
            "id": "6bae545116288865a5bf12250be281d777e92f12c1f8a0babb9d73f61e8fbfaa",
            "rendered": "#!/bin/bash\r\n\r\ncd /home/ubuntu/app\r\n\r\nnode app.js\r\n",
            "template": "#!/bin/bash\r\n\r\ncd /home/ubuntu/app\r\n\r\nnode app.js\r\n",
            "vars": null
          }
        }
      ]
    },
    {
      "mode": "managed",
      "type": "aws_instance",
      "name": "apple_instance",
      "provider": "provider.aws",
      "instances": [
        {
          "schema_version": 1,
          "attributes": {
            "ami": "ami-0016380d21de9083c",
            "arn": "arn:aws:ec2:eu-west-1:135928476890:instance/i-0d1ac31b6f7909e75",
            "associate_public_ip_address": true,
            "availability_zone": "eu-west-1a",
            "cpu_core_count": 1,
            "cpu_threads_per_core": 1,
            "credit_specification": [
              {
                "cpu_credits": "standard"
              }
            ],
            "disable_api_termination": false,
            "ebs_block_device": [],
            "ebs_optimized": false,
            "ephemeral_block_device": [],
            "get_password_data": false,
            "host_id": null,
            "iam_instance_profile": "",
            "id": "i-0d1ac31b6f7909e75",
            "instance_initiated_shutdown_behavior": null,
            "instance_state": "running",
            "instance_type": "t2.micro",
            "ipv6_address_count": 0,
            "ipv6_addresses": [],
            "key_name": "",
            "monitoring": false,
            "network_interface": [],
            "network_interface_id": null,
            "password_data": "",
            "placement_group": "",
            "primary_network_interface_id": "eni-0f2dc5e64d7d4e62a",
            "private_dns": "ip-10-0-10-161.eu-west-1.compute.internal",
            "private_ip": "10.0.10.161",
            "public_dns": "ec2-54-77-24-26.eu-west-1.compute.amazonaws.com",
            "public_ip": "54.77.24.26",
            "root_block_device": [
              {
                "delete_on_termination": true,
                "encrypted": false,
                "iops": 100,
                "kms_key_id": "",
                "volume_id": "vol-05c39db0938c3a5e9",
                "volume_size": 8,
                "volume_type": "gp2"
              }
            ],
            "security_groups": [],
            "source_dest_check": true,
            "subnet_id": "subnet-05606bdb22be27640",
            "tags": {
              "Name": "apple_instance"
            },
            "tenancy": "default",
            "timeouts": null,
            "user_data": "115c6104ad5a2da30fcf79c4b7786a10f867449e",
            "user_data_base64": null,
            "volume_tags": {},
            "vpc_security_group_ids": [
              "sg-084ca6fbeb8a6ed36"
            ]
          },
          "private": "eyJlMmJmYjczMC1lY2FhLTExZTYtOGY4OC0zNDM2M2JjN2M0YzAiOnsiY3JlYXRlIjo2MDAwMDAwMDAwMDAsImRlbGV0ZSI6MTIwMDAwMDAwMDAwMCwidXBkYXRlIjo2MDAwMDAwMDAwMDB9LCJzY2hlbWFfdmVyc2lvbiI6IjEifQ==",
          "depends_on": [
            "aws_security_group.app_security_group",
            "aws_subnet.public-subnet-alpha",
            "data.template_file.app_init"
          ]
        }
      ]
    },
    {
      "mode": "managed",
      "type": "aws_instance",
      "name": "banana_instance",
      "provider": "provider.aws",
      "instances": [
        {
          "schema_version": 1,
          "attributes": {
            "ami": "ami-0016380d21de9083c",
            "arn": "arn:aws:ec2:eu-west-1:135928476890:instance/i-0bc9fc3c01f4a2045",
            "associate_public_ip_address": true,
            "availability_zone": "eu-west-1b",
            "cpu_core_count": 1,
            "cpu_threads_per_core": 1,
            "credit_specification": [
              {
                "cpu_credits": "standard"
              }
            ],
            "disable_api_termination": false,
            "ebs_block_device": [],
            "ebs_optimized": false,
            "ephemeral_block_device": [],
            "get_password_data": false,
            "host_id": null,
            "iam_instance_profile": "",
            "id": "i-0bc9fc3c01f4a2045",
            "instance_initiated_shutdown_behavior": null,
            "instance_state": "running",
            "instance_type": "t2.micro",
            "ipv6_address_count": 0,
            "ipv6_addresses": [],
            "key_name": "",
            "monitoring": false,
            "network_interface": [],
            "network_interface_id": null,
            "password_data": "",
            "placement_group": "",
            "primary_network_interface_id": "eni-04700c4cac838573e",
            "private_dns": "ip-10-0-11-100.eu-west-1.compute.internal",
            "private_ip": "10.0.11.100",
            "public_dns": "ec2-34-243-11-18.eu-west-1.compute.amazonaws.com",
            "public_ip": "34.243.11.18",
            "root_block_device": [
              {
                "delete_on_termination": true,
                "encrypted": false,
                "iops": 100,
                "kms_key_id": "",
                "volume_id": "vol-0507ef21bcd16fa5f",
                "volume_size": 8,
                "volume_type": "gp2"
              }
            ],
            "security_groups": [],
            "source_dest_check": true,
            "subnet_id": "subnet-02c51b3d194cc9c27",
            "tags": {
              "Name": "banana_instance"
            },
            "tenancy": "default",
            "timeouts": null,
            "user_data": "115c6104ad5a2da30fcf79c4b7786a10f867449e",
            "user_data_base64": null,
            "volume_tags": {},
            "vpc_security_group_ids": [
              "sg-084ca6fbeb8a6ed36"
            ]
          },
          "private": "eyJlMmJmYjczMC1lY2FhLTExZTYtOGY4OC0zNDM2M2JjN2M0YzAiOnsiY3JlYXRlIjo2MDAwMDAwMDAwMDAsImRlbGV0ZSI6MTIwMDAwMDAwMDAwMCwidXBkYXRlIjo2MDAwMDAwMDAwMDB9LCJzY2hlbWFfdmVyc2lvbiI6IjEifQ==",
          "depends_on": [
            "aws_security_group.app_security_group",
            "aws_subnet.public-subnet-beta",
            "data.template_file.app_init"
          ]
        }
      ]
    },
    {
      "mode": "managed",
      "type": "aws_instance",
      "name": "db_instance",
      "provider": "provider.aws",
      "instances": [
        {
          "schema_version": 1,
          "attributes": {
            "ami": "ami-0016380d21de9083c",
            "arn": "arn:aws:ec2:eu-west-1:135928476890:instance/i-0dcaa8e0aed67f69c",
            "associate_public_ip_address": true,
            "availability_zone": "eu-west-1c",
            "cpu_core_count": 1,
            "cpu_threads_per_core": 1,
            "credit_specification": [
              {
                "cpu_credits": "standard"
              }
            ],
            "disable_api_termination": false,
            "ebs_block_device": [],
            "ebs_optimized": false,
            "ephemeral_block_device": [],
            "get_password_data": false,
            "host_id": null,
            "iam_instance_profile": "",
            "id": "i-0dcaa8e0aed67f69c",
            "instance_initiated_shutdown_behavior": null,
            "instance_state": "running",
            "instance_type": "t2.micro",
            "ipv6_address_count": 0,
            "ipv6_addresses": [],
            "key_name": "",
            "monitoring": false,
            "network_interface": [],
            "network_interface_id": null,
            "password_data": "",
            "placement_group": "",
            "primary_network_interface_id": "eni-09f3ed159e020e1c4",
            "private_dns": "ip-10-0-13-245.eu-west-1.compute.internal",
            "private_ip": "10.0.13.245",
            "public_dns": "ec2-52-50-127-233.eu-west-1.compute.amazonaws.com",
            "public_ip": "52.50.127.233",
            "root_block_device": [
              {
                "delete_on_termination": true,
                "encrypted": false,
                "iops": 100,
                "kms_key_id": "",
                "volume_id": "vol-0783c23def90dc6cb",
                "volume_size": 8,
                "volume_type": "gp2"
              }
            ],
            "security_groups": [],
            "source_dest_check": true,
            "subnet_id": "subnet-0fb171520852b5974",
            "tags": {
              "Name": "db_instance"
            },
            "tenancy": "default",
            "timeouts": null,
            "user_data": "115c6104ad5a2da30fcf79c4b7786a10f867449e",
            "user_data_base64": null,
            "volume_tags": {},
            "vpc_security_group_ids": [
              "sg-076be163bedd16b9e"
            ]
          },
          "private": "eyJlMmJmYjczMC1lY2FhLTExZTYtOGY4OC0zNDM2M2JjN2M0YzAiOnsiY3JlYXRlIjo2MDAwMDAwMDAwMDAsImRlbGV0ZSI6MTIwMDAwMDAwMDAwMCwidXBkYXRlIjo2MDAwMDAwMDAwMDB9LCJzY2hlbWFfdmVyc2lvbiI6IjEifQ==",
          "depends_on": [
            "aws_security_group.db_security_group",
            "aws_subnet.private-subnet-db",
            "data.template_file.app_init"
          ]
        }
      ]
    },
    {
      "mode": "managed",
      "type": "aws_instance",
      "name": "grapes_instance",
      "provider": "provider.aws",
      "instances": [
        {
          "schema_version": 1,
          "attributes": {
            "ami": "ami-0016380d21de9083c",
            "arn": "arn:aws:ec2:eu-west-1:135928476890:instance/i-02e14734a3fb0c52c",
            "associate_public_ip_address": true,
            "availability_zone": "eu-west-1c",
            "cpu_core_count": 1,
            "cpu_threads_per_core": 1,
            "credit_specification": [
              {
                "cpu_credits": "standard"
              }
            ],
            "disable_api_termination": false,
            "ebs_block_device": [],
            "ebs_optimized": false,
            "ephemeral_block_device": [],
            "get_password_data": false,
            "host_id": null,
            "iam_instance_profile": "",
            "id": "i-02e14734a3fb0c52c",
            "instance_initiated_shutdown_behavior": null,
            "instance_state": "running",
            "instance_type": "t2.micro",
            "ipv6_address_count": 0,
            "ipv6_addresses": [],
            "key_name": "",
            "monitoring": false,
            "network_interface": [],
            "network_interface_id": null,
            "password_data": "",
            "placement_group": "",
            "primary_network_interface_id": "eni-0287db397b47aadb5",
            "private_dns": "ip-10-0-12-11.eu-west-1.compute.internal",
            "private_ip": "10.0.12.11",
            "public_dns": "ec2-18-203-93-214.eu-west-1.compute.amazonaws.com",
            "public_ip": "18.203.93.214",
            "root_block_device": [
              {
                "delete_on_termination": true,
                "encrypted": false,
                "iops": 100,
                "kms_key_id": "",
                "volume_id": "vol-0fc1dea0228840930",
                "volume_size": 8,
                "volume_type": "gp2"
              }
            ],
            "security_groups": [],
            "source_dest_check": true,
            "subnet_id": "subnet-0f3d8141e17ba58ca",
            "tags": {
              "Name": "grapes_instance"
            },
            "tenancy": "default",
            "timeouts": null,
            "user_data": "115c6104ad5a2da30fcf79c4b7786a10f867449e",
            "user_data_base64": null,
            "volume_tags": {},
            "vpc_security_group_ids": [
              "sg-084ca6fbeb8a6ed36"
            ]
          },
          "private": "eyJlMmJmYjczMC1lY2FhLTExZTYtOGY4OC0zNDM2M2JjN2M0YzAiOnsiY3JlYXRlIjo2MDAwMDAwMDAwMDAsImRlbGV0ZSI6MTIwMDAwMDAwMDAwMCwidXBkYXRlIjo2MDAwMDAwMDAwMDB9LCJzY2hlbWFfdmVyc2lvbiI6IjEifQ==",
          "depends_on": [
            "aws_security_group.app_security_group",
            "aws_subnet.public-subnet-gamma",
            "data.template_file.app_init"
          ]
        }
      ]
    },
    {
      "mode": "managed",
      "type": "aws_internet_gateway",
      "name": "internet_access",
      "provider": "provider.aws",
      "instances": [
        {
          "schema_version": 0,
          "attributes": {
            "id": "igw-0043adbeeeb76fe72",
            "owner_id": "135928476890",
            "tags": {
              "Name": "main"
            },
            "vpc_id": "vpc-0fdfb54d06ee05254"
          },
          "private": "bnVsbA==",
          "depends_on": [
            "aws_vpc.group1_vpc"
          ]
        }
      ]
    },
    {
      "mode": "managed",
      "type": "aws_network_acl",
      "name": "acl_private_sub",
      "provider": "provider.aws",
      "instances": [
        {
          "schema_version": 0,
          "attributes": {
            "egress": [
              {
                "action": "allow",
                "cidr_block": "10.0.10.0/24",
                "from_port": 1024,
                "icmp_code": 0,
                "icmp_type": 0,
                "ipv6_cidr_block": "",
                "protocol": "6",
                "rule_no": 210,
                "to_port": 65535
              },
              {
                "action": "allow",
                "cidr_block": "10.0.11.0/24",
                "from_port": 1024,
                "icmp_code": 0,
                "icmp_type": 0,
                "ipv6_cidr_block": "",
                "protocol": "6",
                "rule_no": 211,
                "to_port": 65535
              },
              {
                "action": "allow",
                "cidr_block": "10.0.12.0/24",
                "from_port": 1024,
                "icmp_code": 0,
                "icmp_type": 0,
                "ipv6_cidr_block": "",
                "protocol": "6",
                "rule_no": 212,
                "to_port": 65535
              }
            ],
            "id": "acl-0bd13876db0cab419",
            "ingress": [
              {
                "action": "allow",
                "cidr_block": "10.0.10.0/24",
                "from_port": 27017,
                "icmp_code": 0,
                "icmp_type": 0,
                "ipv6_cidr_block": "",
                "protocol": "6",
                "rule_no": 110,
                "to_port": 27017
              },
              {
                "action": "allow",
                "cidr_block": "10.0.11.0/24",
                "from_port": 27017,
                "icmp_code": 0,
                "icmp_type": 0,
                "ipv6_cidr_block": "",
                "protocol": "6",
                "rule_no": 111,
                "to_port": 27017
              },
              {
                "action": "allow",
                "cidr_block": "10.0.12.0/24",
                "from_port": 27017,
                "icmp_code": 0,
                "icmp_type": 0,
                "ipv6_cidr_block": "",
                "protocol": "6",
                "rule_no": 112,
                "to_port": 27017
              }
            ],
            "owner_id": "135928476890",
            "subnet_id": null,
            "subnet_ids": [],
            "tags": {
              "Name": "acl_private_sub"
            },
            "vpc_id": "vpc-0fdfb54d06ee05254"
          },
          "private": "bnVsbA==",
          "depends_on": [
            "aws_vpc.group1_vpc"
          ]
        }
      ]
    },
    {
      "mode": "managed",
      "type": "aws_network_acl",
      "name": "acl_public_sub",
      "provider": "provider.aws",
      "instances": [
        {
          "schema_version": 0,
          "attributes": {
            "egress": [
              {
                "action": "allow",
                "cidr_block": "0.0.0.0/0",
                "from_port": 80,
                "icmp_code": 0,
                "icmp_type": 0,
                "ipv6_cidr_block": "",
                "protocol": "6",
                "rule_no": 103,
                "to_port": 80
              },
              {
                "action": "allow",
                "cidr_block": "10.0.13.0/24",
                "from_port": 27017,
                "icmp_code": 0,
                "icmp_type": 0,
                "ipv6_cidr_block": "",
                "protocol": "6",
                "rule_no": 104,
                "to_port": 27017
              }
            ],
            "id": "acl-0f4ab1f2e0ec0ca1e",
            "ingress": [
              {
                "action": "allow",
                "cidr_block": "0.0.0.0/0",
                "from_port": 80,
                "icmp_code": 0,
                "icmp_type": 0,
                "ipv6_cidr_block": "",
                "protocol": "6",
                "rule_no": 101,
                "to_port": 80
              },
              {
                "action": "allow",
                "cidr_block": "10.0.13.0/24",
                "from_port": 1024,
                "icmp_code": 0,
                "icmp_type": 0,
                "ipv6_cidr_block": "",
                "protocol": "6",
                "rule_no": 102,
                "to_port": 65535
              }
            ],
            "owner_id": "135928476890",
            "subnet_id": null,
            "subnet_ids": [
              "subnet-02c51b3d194cc9c27",
              "subnet-05606bdb22be27640",
              "subnet-0f3d8141e17ba58ca"
            ],
            "tags": {
              "Name": "acl_public_sub"
            },
            "vpc_id": "vpc-0fdfb54d06ee05254"
          },
          "private": "bnVsbA==",
          "depends_on": [
            "aws_subnet.public-subnet-alpha",
            "aws_subnet.public-subnet-beta",
            "aws_subnet.public-subnet-gamma",
            "aws_vpc.group1_vpc"
          ]
        }
      ]
    },
    {
      "mode": "managed",
      "type": "aws_route_table",
      "name": "route_table",
      "provider": "provider.aws",
      "instances": [
        {
          "schema_version": 0,
          "attributes": {
            "id": "rtb-055ea8c217156cc73",
            "owner_id": "135928476890",
            "propagating_vgws": [],
            "route": [
              {
                "cidr_block": "0.0.0.0/0",
                "egress_only_gateway_id": "",
                "gateway_id": "igw-0043adbeeeb76fe72",
                "instance_id": "",
                "ipv6_cidr_block": "",
                "nat_gateway_id": "",
                "network_interface_id": "",
                "transit_gateway_id": "",
                "vpc_peering_connection_id": ""
              }
            ],
            "tags": {
              "Name": "main_route"
            },
            "vpc_id": "vpc-0fdfb54d06ee05254"
          },
          "private": "bnVsbA==",
          "depends_on": [
            "aws_internet_gateway.internet_access",
            "aws_vpc.group1_vpc"
          ]
        }
      ]
    },
    {
      "mode": "managed",
      "type": "aws_route_table_association",
      "name": "associate_route_table_alpha",
      "provider": "provider.aws",
      "instances": [
        {
          "schema_version": 0,
          "attributes": {
            "id": "rtbassoc-0d8ca584c1a89d080",
            "route_table_id": "rtb-055ea8c217156cc73",
            "subnet_id": "subnet-05606bdb22be27640"
          },
          "private": "bnVsbA==",
          "depends_on": [
            "aws_route_table.route_table",
            "aws_subnet.public-subnet-alpha"
          ]
        }
      ]
    },
    {
      "mode": "managed",
      "type": "aws_route_table_association",
      "name": "associate_route_table_beta",
      "provider": "provider.aws",
      "instances": [
        {
          "schema_version": 0,
          "attributes": {
            "id": "rtbassoc-031f8b1dec3988aca",
            "route_table_id": "rtb-055ea8c217156cc73",
            "subnet_id": "subnet-02c51b3d194cc9c27"
          },
          "private": "bnVsbA==",
          "depends_on": [
            "aws_route_table.route_table",
            "aws_subnet.public-subnet-beta"
          ]
        }
      ]
    },
    {
      "mode": "managed",
      "type": "aws_route_table_association",
      "name": "associate_route_table_db",
      "provider": "provider.aws",
      "instances": [
        {
          "schema_version": 0,
          "attributes": {
            "id": "rtbassoc-038b7548669cd7c34",
            "route_table_id": "rtb-055ea8c217156cc73",
            "subnet_id": "subnet-0fb171520852b5974"
          },
          "private": "bnVsbA==",
          "depends_on": [
            "aws_route_table.route_table",
            "aws_subnet.private-subnet-db"
          ]
        }
      ]
    },
    {
      "mode": "managed",
      "type": "aws_route_table_association",
      "name": "associate_route_table_gamma",
      "provider": "provider.aws",
      "instances": [
        {
          "schema_version": 0,
          "attributes": {
            "id": "rtbassoc-0ad51e1276b946b4e",
            "route_table_id": "rtb-055ea8c217156cc73",
            "subnet_id": "subnet-0f3d8141e17ba58ca"
          },
          "private": "bnVsbA==",
          "depends_on": [
            "aws_route_table.route_table",
            "aws_subnet.public-subnet-gamma"
          ]
        }
      ]
    },
    {
      "mode": "managed",
      "type": "aws_security_group",
      "name": "app_security_group",
      "provider": "provider.aws",
      "instances": [
        {
          "schema_version": 1,
          "attributes": {
            "arn": "arn:aws:ec2:eu-west-1:135928476890:security-group/sg-084ca6fbeb8a6ed36",
            "description": "security group for app instances",
            "egress": [
              {
                "cidr_blocks": [
                  "0.0.0.0/0"
                ],
                "description": "",
                "from_port": 80,
                "ipv6_cidr_blocks": [],
                "prefix_list_ids": [],
                "protocol": "tcp",
                "security_groups": [],
                "self": false,
                "to_port": 80
              },
              {
                "cidr_blocks": [
                  "10.0.13.0/24"
                ],
                "description": "",
                "from_port": 27017,
                "ipv6_cidr_blocks": [],
                "prefix_list_ids": [],
                "protocol": "tcp",
                "security_groups": [],
                "self": false,
                "to_port": 27017
              }
            ],
            "id": "sg-084ca6fbeb8a6ed36",
            "ingress": [
              {
                "cidr_blocks": [
                  "0.0.0.0/0"
                ],
                "description": "",
                "from_port": 80,
                "ipv6_cidr_blocks": [],
                "prefix_list_ids": [],
                "protocol": "tcp",
                "security_groups": [],
                "self": false,
                "to_port": 80
              },
              {
                "cidr_blocks": [
                  "10.0.13.0/24"
                ],
                "description": "",
                "from_port": 1024,
                "ipv6_cidr_blocks": [],
                "prefix_list_ids": [],
                "protocol": "tcp",
                "security_groups": [],
                "self": false,
                "to_port": 65535
              }
            ],
            "name": "public_security_group",
            "name_prefix": null,
            "owner_id": "135928476890",
            "revoke_rules_on_delete": false,
            "tags": {
              "Name": "public security group"
            },
            "timeouts": null,
            "vpc_id": "vpc-0fdfb54d06ee05254"
          },
          "private": "eyJlMmJmYjczMC1lY2FhLTExZTYtOGY4OC0zNDM2M2JjN2M0YzAiOnsiY3JlYXRlIjo2MDAwMDAwMDAwMDAsImRlbGV0ZSI6NjAwMDAwMDAwMDAwfSwic2NoZW1hX3ZlcnNpb24iOiIxIn0=",
          "depends_on": [
            "aws_vpc.group1_vpc"
          ]
        }
      ]
    },
    {
      "mode": "managed",
      "type": "aws_security_group",
      "name": "db_security_group",
      "provider": "provider.aws",
      "instances": [
        {
          "schema_version": 1,
          "attributes": {
            "arn": "arn:aws:ec2:eu-west-1:135928476890:security-group/sg-076be163bedd16b9e",
            "description": "security group for db",
            "egress": [
              {
                "cidr_blocks": [
                  "10.0.12.0/24"
                ],
                "description": "",
                "from_port": 1024,
                "ipv6_cidr_blocks": [],
                "prefix_list_ids": [],
                "protocol": "tcp",
                "security_groups": [],
                "self": false,
                "to_port": 65535
              }
            ],
            "id": "sg-076be163bedd16b9e",
            "ingress": [
              {
                "cidr_blocks": [
                  "10.0.10.0/24"
                ],
                "description": "",
                "from_port": 27017,
                "ipv6_cidr_blocks": [],
                "prefix_list_ids": [],
                "protocol": "tcp",
                "security_groups": [],
                "self": false,
                "to_port": 27017
              },
              {
                "cidr_blocks": [
                  "10.0.11.0/24"
                ],
                "description": "",
                "from_port": 27017,
                "ipv6_cidr_blocks": [],
                "prefix_list_ids": [],
                "protocol": "tcp",
                "security_groups": [],
                "self": false,
                "to_port": 27017
              },
              {
                "cidr_blocks": [
                  "10.0.12.0/24"
                ],
                "description": "",
                "from_port": 27017,
                "ipv6_cidr_blocks": [],
                "prefix_list_ids": [],
                "protocol": "tcp",
                "security_groups": [],
                "self": false,
                "to_port": 27017
              }
            ],
            "name": "db_security_group",
            "name_prefix": null,
            "owner_id": "135928476890",
            "revoke_rules_on_delete": false,
            "tags": {
              "Name": "db_security_groups"
            },
            "timeouts": null,
            "vpc_id": "vpc-0fdfb54d06ee05254"
          },
          "private": "eyJlMmJmYjczMC1lY2FhLTExZTYtOGY4OC0zNDM2M2JjN2M0YzAiOnsiY3JlYXRlIjo2MDAwMDAwMDAwMDAsImRlbGV0ZSI6NjAwMDAwMDAwMDAwfSwic2NoZW1hX3ZlcnNpb24iOiIxIn0=",
          "depends_on": [
            "aws_vpc.group1_vpc"
          ]
        }
      ]
    },
    {
      "mode": "managed",
      "type": "aws_subnet",
      "name": "private-subnet-db",
      "provider": "provider.aws",
      "instances": [
        {
          "schema_version": 1,
          "attributes": {
            "arn": "arn:aws:ec2:eu-west-1:135928476890:subnet/subnet-0fb171520852b5974",
            "assign_ipv6_address_on_creation": false,
            "availability_zone": "eu-west-1c",
            "availability_zone_id": "euw1-az2",
            "cidr_block": "10.0.13.0/24",
            "id": "subnet-0fb171520852b5974",
            "ipv6_cidr_block": "",
            "ipv6_cidr_block_association_id": "",
            "map_public_ip_on_launch": false,
            "owner_id": "135928476890",
            "tags": {
              "Name": "private-subnet-db"
            },
            "timeouts": null,
            "vpc_id": "vpc-0fdfb54d06ee05254"
          },
          "private": "eyJlMmJmYjczMC1lY2FhLTExZTYtOGY4OC0zNDM2M2JjN2M0YzAiOnsiY3JlYXRlIjo2MDAwMDAwMDAwMDAsImRlbGV0ZSI6MTIwMDAwMDAwMDAwMH0sInNjaGVtYV92ZXJzaW9uIjoiMSJ9",
          "depends_on": [
            "aws_vpc.group1_vpc"
          ]
        }
      ]
    },
    {
      "mode": "managed",
      "type": "aws_subnet",
      "name": "public-subnet-alpha",
      "provider": "provider.aws",
      "instances": [
        {
          "schema_version": 1,
          "attributes": {
            "arn": "arn:aws:ec2:eu-west-1:135928476890:subnet/subnet-05606bdb22be27640",
            "assign_ipv6_address_on_creation": false,
            "availability_zone": "eu-west-1a",
            "availability_zone_id": "euw1-az3",
            "cidr_block": "10.0.10.0/24",
            "id": "subnet-05606bdb22be27640",
            "ipv6_cidr_block": "",
            "ipv6_cidr_block_association_id": "",
            "map_public_ip_on_launch": false,
            "owner_id": "135928476890",
            "tags": {
              "Name": "public-subnet-alpha"
            },
            "timeouts": null,
            "vpc_id": "vpc-0fdfb54d06ee05254"
          },
          "private": "eyJlMmJmYjczMC1lY2FhLTExZTYtOGY4OC0zNDM2M2JjN2M0YzAiOnsiY3JlYXRlIjo2MDAwMDAwMDAwMDAsImRlbGV0ZSI6MTIwMDAwMDAwMDAwMH0sInNjaGVtYV92ZXJzaW9uIjoiMSJ9",
          "depends_on": [
            "aws_vpc.group1_vpc"
          ]
        }
      ]
    },
    {
      "mode": "managed",
      "type": "aws_subnet",
      "name": "public-subnet-beta",
      "provider": "provider.aws",
      "instances": [
        {
          "schema_version": 1,
          "attributes": {
            "arn": "arn:aws:ec2:eu-west-1:135928476890:subnet/subnet-02c51b3d194cc9c27",
            "assign_ipv6_address_on_creation": false,
            "availability_zone": "eu-west-1b",
            "availability_zone_id": "euw1-az1",
            "cidr_block": "10.0.11.0/24",
            "id": "subnet-02c51b3d194cc9c27",
            "ipv6_cidr_block": "",
            "ipv6_cidr_block_association_id": "",
            "map_public_ip_on_launch": false,
            "owner_id": "135928476890",
            "tags": {
              "Name": "public-subnet-beta"
            },
            "timeouts": null,
            "vpc_id": "vpc-0fdfb54d06ee05254"
          },
          "private": "eyJlMmJmYjczMC1lY2FhLTExZTYtOGY4OC0zNDM2M2JjN2M0YzAiOnsiY3JlYXRlIjo2MDAwMDAwMDAwMDAsImRlbGV0ZSI6MTIwMDAwMDAwMDAwMH0sInNjaGVtYV92ZXJzaW9uIjoiMSJ9",
          "depends_on": [
            "aws_vpc.group1_vpc"
          ]
        }
      ]
    },
    {
      "mode": "managed",
      "type": "aws_subnet",
      "name": "public-subnet-gamma",
      "provider": "provider.aws",
      "instances": [
        {
          "schema_version": 1,
          "attributes": {
            "arn": "arn:aws:ec2:eu-west-1:135928476890:subnet/subnet-0f3d8141e17ba58ca",
            "assign_ipv6_address_on_creation": false,
            "availability_zone": "eu-west-1c",
            "availability_zone_id": "euw1-az2",
            "cidr_block": "10.0.12.0/24",
            "id": "subnet-0f3d8141e17ba58ca",
            "ipv6_cidr_block": "",
            "ipv6_cidr_block_association_id": "",
            "map_public_ip_on_launch": false,
            "owner_id": "135928476890",
            "tags": {
              "Name": "public-subnet-gamma"
            },
            "timeouts": null,
            "vpc_id": "vpc-0fdfb54d06ee05254"
          },
          "private": "eyJlMmJmYjczMC1lY2FhLTExZTYtOGY4OC0zNDM2M2JjN2M0YzAiOnsiY3JlYXRlIjo2MDAwMDAwMDAwMDAsImRlbGV0ZSI6MTIwMDAwMDAwMDAwMH0sInNjaGVtYV92ZXJzaW9uIjoiMSJ9",
          "depends_on": [
            "aws_vpc.group1_vpc"
          ]
        }
      ]
    },
    {
      "mode": "managed",
      "type": "aws_vpc",
      "name": "group1_vpc",
      "provider": "provider.aws",
      "instances": [
        {
          "schema_version": 1,
          "attributes": {
            "arn": "arn:aws:ec2:eu-west-1:135928476890:vpc/vpc-0fdfb54d06ee05254",
            "assign_generated_ipv6_cidr_block": false,
            "cidr_block": "10.0.0.0/16",
            "default_network_acl_id": "acl-00bda52819ca335b2",
            "default_route_table_id": "rtb-008c755f99ba34d53",
            "default_security_group_id": "sg-0dd19eb3d3a9c1ade",
            "dhcp_options_id": "dopt-18d5d77d",
            "enable_classiclink": false,
            "enable_classiclink_dns_support": false,
            "enable_dns_hostnames": true,
            "enable_dns_support": true,
            "id": "vpc-0fdfb54d06ee05254",
            "instance_tenancy": "default",
            "ipv6_association_id": "",
            "ipv6_cidr_block": "",
            "main_route_table_id": "rtb-008c755f99ba34d53",
            "owner_id": "135928476890",
            "tags": {
              "Name": "group1-vpc"
            }
          },
          "private": "eyJzY2hlbWFfdmVyc2lvbiI6IjEifQ=="
        }
      ]
    }
  ]
}
